// !$*UTF8*$!
{
	archiveVersion = 1;
	classes = {
	};
	objectVersion = 56;
	objects = {

/* Begin PBXBuildFile section */
		37001AF52BA4CF3A00F9C4AA /* Extensions+UIView.swift in Sources */ = {isa = PBXBuildFile; fileRef = 37001AF42BA4CF3A00F9C4AA /* Extensions+UIView.swift */; };
		37001AF92BA4DB3400F9C4AA /* HomeBottomControlsSV.swift in Sources */ = {isa = PBXBuildFile; fileRef = 37001AF82BA4DB3400F9C4AA /* HomeBottomControlsSV.swift */; };
		37001AFB2BA4DB7F00F9C4AA /* TopNavigationSV.swift in Sources */ = {isa = PBXBuildFile; fileRef = 37001AFA2BA4DB7F00F9C4AA /* TopNavigationSV.swift */; };
		37E7D1A12BA4CD9B00F7D58C /* AppDelegate.swift in Sources */ = {isa = PBXBuildFile; fileRef = 37E7D1A02BA4CD9B00F7D58C /* AppDelegate.swift */; };
		37E7D1A32BA4CD9B00F7D58C /* SceneDelegate.swift in Sources */ = {isa = PBXBuildFile; fileRef = 37E7D1A22BA4CD9B00F7D58C /* SceneDelegate.swift */; };
		37E7D1A52BA4CD9B00F7D58C /* ViewController.swift in Sources */ = {isa = PBXBuildFile; fileRef = 37E7D1A42BA4CD9B00F7D58C /* ViewController.swift */; };
		37E7D1AA2BA4CD9C00F7D58C /* Assets.xcassets in Resources */ = {isa = PBXBuildFile; fileRef = 37E7D1A92BA4CD9C00F7D58C /* Assets.xcassets */; };
		37E7D1AD2BA4CD9C00F7D58C /* LaunchScreen.storyboard in Resources */ = {isa = PBXBuildFile; fileRef = 37E7D1AB2BA4CD9C00F7D58C /* LaunchScreen.storyboard */; };
/* End PBXBuildFile section */

/* Begin PBXFileReference section */
		37001AF42BA4CF3A00F9C4AA /* Extensions+UIView.swift */ = {isa = PBXFileReference; lastKnownFileType = sourcecode.swift; path = "Extensions+UIView.swift"; sourceTree = "<group>"; };
		37001AF82BA4DB3400F9C4AA /* HomeBottomControlsSV.swift */ = {isa = PBXFileReference; lastKnownFileType = sourcecode.swift; path = HomeBottomControlsSV.swift; sourceTree = "<group>"; };
		37001AFA2BA4DB7F00F9C4AA /* TopNavigationSV.swift */ = {isa = PBXFileReference; lastKnownFileType = sourcecode.swift; path = TopNavigationSV.swift; sourceTree = "<group>"; };
		37E7D19D2BA4CD9B00F7D58C /* SwipeAndMatch.app */ = {isa = PBXFileReference; explicitFileType = wrapper.application; includeInIndex = 0; path = SwipeAndMatch.app; sourceTree = BUILT_PRODUCTS_DIR; };
		37E7D1A02BA4CD9B00F7D58C /* AppDelegate.swift */ = {isa = PBXFileReference; lastKnownFileType = sourcecode.swift; path = AppDelegate.swift; sourceTree = "<group>"; };
		37E7D1A22BA4CD9B00F7D58C /* SceneDelegate.swift */ = {isa = PBXFileReference; lastKnownFileType = sourcecode.swift; path = SceneDelegate.swift; sourceTree = "<group>"; };
		37E7D1A42BA4CD9B00F7D58C /* ViewController.swift */ = {isa = PBXFileReference; lastKnownFileType = sourcecode.swift; path = ViewController.swift; sourceTree = "<group>"; };
		37E7D1A92BA4CD9C00F7D58C /* Assets.xcassets */ = {isa = PBXFileReference; lastKnownFileType = folder.assetcatalog; path = Assets.xcassets; sourceTree = "<group>"; };
		37E7D1AC2BA4CD9C00F7D58C /* Base */ = {isa = PBXFileReference; lastKnownFileType = file.storyboard; name = Base; path = Base.lproj/LaunchScreen.storyboard; sourceTree = "<group>"; };
		37E7D1AE2BA4CD9C00F7D58C /* Info.plist */ = {isa = PBXFileReference; lastKnownFileType = text.plist.xml; path = Info.plist; sourceTree = "<group>"; };
/* End PBXFileReference section */

/* Begin PBXFrameworksBuildPhase section */
		37E7D19A2BA4CD9B00F7D58C /* Frameworks */ = {
			isa = PBXFrameworksBuildPhase;
			buildActionMask = 2147483647;
			files = (
			);
			runOnlyForDeploymentPostprocessing = 0;
		};
/* End PBXFrameworksBuildPhase section */

/* Begin PBXGroup section */
		37001AF22BA4CE7200F9C4AA /* Support */ = {
			isa = PBXGroup;
			children = (
				37E7D1A02BA4CD9B00F7D58C /* AppDelegate.swift */,
				37E7D1A22BA4CD9B00F7D58C /* SceneDelegate.swift */,
				37E7D1A92BA4CD9C00F7D58C /* Assets.xcassets */,
				37E7D1AB2BA4CD9C00F7D58C /* LaunchScreen.storyboard */,
			);
			path = Support;
			sourceTree = "<group>";
		};
		37001AF32BA4CF1F00F9C4AA /* Extensions */ = {
			isa = PBXGroup;
			children = (
				37001AF42BA4CF3A00F9C4AA /* Extensions+UIView.swift */,
			);
			path = Extensions;
			sourceTree = "<group>";
		};
		37001AF62BA4DAFF00F9C4AA /* Controller */ = {
			isa = PBXGroup;
			children = (
				37E7D1A42BA4CD9B00F7D58C /* ViewController.swift */,
			);
			path = Controller;
			sourceTree = "<group>";
		};
		37001AF72BA4DB0800F9C4AA /* Views */ = {
			isa = PBXGroup;
			children = (
				37001AF82BA4DB3400F9C4AA /* HomeBottomControlsSV.swift */,
				37001AFA2BA4DB7F00F9C4AA /* TopNavigationSV.swift */,
			);
			path = Views;
			sourceTree = "<group>";
		};
		37E7D1942BA4CD9B00F7D58C = {
			isa = PBXGroup;
			children = (
				37E7D19F2BA4CD9B00F7D58C /* SwipeAndMatch */,
				37E7D19E2BA4CD9B00F7D58C /* Products */,
			);
			sourceTree = "<group>";
		};
		37E7D19E2BA4CD9B00F7D58C /* Products */ = {
			isa = PBXGroup;
			children = (
				37E7D19D2BA4CD9B00F7D58C /* SwipeAndMatch.app */,
			);
			name = Products;
			sourceTree = "<group>";
		};
		37E7D19F2BA4CD9B00F7D58C /* SwipeAndMatch */ = {
			isa = PBXGroup;
			children = (
				37001AF62BA4DAFF00F9C4AA /* Controller */,
				37001AF32BA4CF1F00F9C4AA /* Extensions */,
				37001AF72BA4DB0800F9C4AA /* Views */,
				37001AF22BA4CE7200F9C4AA /* Support */,
				37E7D1AE2BA4CD9C00F7D58C /* Info.plist */,
			);
			path = SwipeAndMatch;
			sourceTree = "<group>";
		};
/* End PBXGroup section */

/* Begin PBXNativeTarget section */
		37E7D19C2BA4CD9B00F7D58C /* SwipeAndMatch */ = {
			isa = PBXNativeTarget;
			buildConfigurationList = 37E7D1B12BA4CD9C00F7D58C /* Build configuration list for PBXNativeTarget "SwipeAndMatch" */;
			buildPhases = (
				37E7D1992BA4CD9B00F7D58C /* Sources */,
				37E7D19A2BA4CD9B00F7D58C /* Frameworks */,
				37E7D19B2BA4CD9B00F7D58C /* Resources */,
			);
			buildRules = (
			);
			dependencies = (
			);
			name = SwipeAndMatch;
			productName = SwipeAndMatch;
			productReference = 37E7D19D2BA4CD9B00F7D58C /* SwipeAndMatch.app */;
			productType = "com.apple.product-type.application";
		};
/* End PBXNativeTarget section */

/* Begin PBXProject section */
		37E7D1952BA4CD9B00F7D58C /* Project object */ = {
			isa = PBXProject;
			attributes = {
				BuildIndependentTargetsInParallel = 1;
				LastSwiftUpdateCheck = 1520;
				LastUpgradeCheck = 1520;
				TargetAttributes = {
					37E7D19C2BA4CD9B00F7D58C = {
						CreatedOnToolsVersion = 15.2;
					};
				};
			};
			buildConfigurationList = 37E7D1982BA4CD9B00F7D58C /* Build configuration list for PBXProject "SwipeAndMatch" */;
			compatibilityVersion = "Xcode 14.0";
			developmentRegion = en;
			hasScannedForEncodings = 0;
			knownRegions = (
				en,
				Base,
			);
			mainGroup = 37E7D1942BA4CD9B00F7D58C;
			productRefGroup = 37E7D19E2BA4CD9B00F7D58C /* Products */;
			projectDirPath = "";
			projectRoot = "";
			targets = (
				37E7D19C2BA4CD9B00F7D58C /* SwipeAndMatch */,
			);
		};
/* End PBXProject section */

/* Begin PBXResourcesBuildPhase section */
		37E7D19B2BA4CD9B00F7D58C /* Resources */ = {
			isa = PBXResourcesBuildPhase;
			buildActionMask = 2147483647;
			files = (
				37E7D1AD2BA4CD9C00F7D58C /* LaunchScreen.storyboard in Resources */,
				37E7D1AA2BA4CD9C00F7D58C /* Assets.xcassets in Resources */,
			);
			runOnlyForDeploymentPostprocessing = 0;
		};
/* End PBXResourcesBuildPhase section */

/* Begin PBXSourcesBuildPhase section */
		37E7D1992BA4CD9B00F7D58C /* Sources */ = {
			isa = PBXSourcesBuildPhase;
			buildActionMask = 2147483647;
			files = (
				37E7D1A52BA4CD9B00F7D58C /* ViewController.swift in Sources */,
				37E7D1A12BA4CD9B00F7D58C /* AppDelegate.swift in Sources */,
				37001AF52BA4CF3A00F9C4AA /* Extensions+UIView.swift in Sources */,
				37E7D1A32BA4CD9B00F7D58C /* SceneDelegate.swift in Sources */,
				37001AFB2BA4DB7F00F9C4AA /* TopNavigationSV.swift in Sources */,
				37001AF92BA4DB3400F9C4AA /* HomeBottomControlsSV.swift in Sources */,
			);
			runOnlyForDeploymentPostprocessing = 0;
		};
/* End PBXSourcesBuildPhase section */

/* Begin PBXVariantGroup section */
		37E7D1AB2BA4CD9C00F7D58C /* LaunchScreen.storyboard */ = {
			isa = PBXVariantGroup;
			children = (
				37E7D1AC2BA4CD9C00F7D58C /* Base */,
			);
			name = LaunchScreen.storyboard;
			sourceTree = "<group>";
		};
/* End PBXVariantGroup section */

/* Begin XCBuildConfiguration section */
		37E7D1AF2BA4CD9C00F7D58C /* Debug */ = {
			isa = XCBuildConfiguration;
			buildSettings = {
				ALWAYS_SEARCH_USER_PATHS = NO;
				ASSETCATALOG_COMPILER_GENERATE_SWIFT_ASSET_SYMBOL_EXTENSIONS = YES;
				CLANG_ANALYZER_NONNULL = YES;
				CLANG_ANALYZER_NUMBER_OBJECT_CONVERSION = YES_AGGRESSIVE;
				CLANG_CXX_LANGUAGE_STANDARD = "gnu++20";
				CLANG_ENABLE_MODULES = YES;
				CLANG_ENABLE_OBJC_ARC = YES;
				CLANG_ENABLE_OBJC_WEAK = YES;
				CLANG_WARN_BLOCK_CAPTURE_AUTORELEASING = YES;
				CLANG_WARN_BOOL_CONVERSION = YES;
				CLANG_WARN_COMMA = YES;
				CLANG_WARN_CONSTANT_CONVERSION = YES;
				CLANG_WARN_DEPRECATED_OBJC_IMPLEMENTATIONS = YES;
				CLANG_WARN_DIRECT_OBJC_ISA_USAGE = YES_ERROR;
				CLANG_WARN_DOCUMENTATION_COMMENTS = YES;
				CLANG_WARN_EMPTY_BODY = YES;
				CLANG_WARN_ENUM_CONVERSION = YES;
				CLANG_WARN_INFINITE_RECURSION = YES;
				CLANG_WARN_INT_CONVERSION = YES;
				CLANG_WARN_NON_LITERAL_NULL_CONVERSION = YES;
				CLANG_WARN_OBJC_IMPLICIT_RETAIN_SELF = YES;
				CLANG_WARN_OBJC_LITERAL_CONVERSION = YES;
				CLANG_WARN_OBJC_ROOT_CLASS = YES_ERROR;
				CLANG_WARN_QUOTED_INCLUDE_IN_FRAMEWORK_HEADER = YES;
				CLANG_WARN_RANGE_LOOP_ANALYSIS = YES;
				CLANG_WARN_STRICT_PROTOTYPES = YES;
				CLANG_WARN_SUSPICIOUS_MOVE = YES;
				CLANG_WARN_UNGUARDED_AVAILABILITY = YES_AGGRESSIVE;
				CLANG_WARN_UNREACHABLE_CODE = YES;
				CLANG_WARN__DUPLICATE_METHOD_MATCH = YES;
				COPY_PHASE_STRIP = NO;
				DEBUG_INFORMATION_FORMAT = dwarf;
				ENABLE_STRICT_OBJC_MSGSEND = YES;
				ENABLE_TESTABILITY = YES;
				ENABLE_USER_SCRIPT_SANDBOXING = YES;
				GCC_C_LANGUAGE_STANDARD = gnu17;
				GCC_DYNAMIC_NO_PIC = NO;
				GCC_NO_COMMON_BLOCKS = YES;
				GCC_OPTIMIZATION_LEVEL = 0;
				GCC_PREPROCESSOR_DEFINITIONS = (
					"DEBUG=1",
					"$(inherited)",
				);
				GCC_WARN_64_TO_32_BIT_CONVERSION = YES;
				GCC_WARN_ABOUT_RETURN_TYPE = YES_ERROR;
				GCC_WARN_UNDECLARED_SELECTOR = YES;
				GCC_WARN_UNINITIALIZED_AUTOS = YES_AGGRESSIVE;
				GCC_WARN_UNUSED_FUNCTION = YES;
				GCC_WARN_UNUSED_VARIABLE = YES;
				IPHONEOS_DEPLOYMENT_TARGET = 17.2;
				LOCALIZATION_PREFERS_STRING_CATALOGS = YES;
				MTL_ENABLE_DEBUG_INFO = INCLUDE_SOURCE;
				MTL_FAST_MATH = YES;
				ONLY_ACTIVE_ARCH = YES;
				SDKROOT = iphoneos;
				SWIFT_ACTIVE_COMPILATION_CONDITIONS = "DEBUG $(inherited)";
				SWIFT_OPTIMIZATION_LEVEL = "-Onone";
			};
			name = Debug;
		};
		37E7D1B02BA4CD9C00F7D58C /* Release */ = {
			isa = XCBuildConfiguration;
			buildSettings = {
				ALWAYS_SEARCH_USER_PATHS = NO;
				ASSETCATALOG_COMPILER_GENERATE_SWIFT_ASSET_SYMBOL_EXTENSIONS = YES;
				CLANG_ANALYZER_NONNULL = YES;
				CLANG_ANALYZER_NUMBER_OBJECT_CONVERSION = YES_AGGRESSIVE;
				CLANG_CXX_LANGUAGE_STANDARD = "gnu++20";
				CLANG_ENABLE_MODULES = YES;
				CLANG_ENABLE_OBJC_ARC = YES;
				CLANG_ENABLE_OBJC_WEAK = YES;
				CLANG_WARN_BLOCK_CAPTURE_AUTORELEASING = YES;
				CLANG_WARN_BOOL_CONVERSION = YES;
				CLANG_WARN_COMMA = YES;
				CLANG_WARN_CONSTANT_CONVERSION = YES;
				CLANG_WARN_DEPRECATED_OBJC_IMPLEMENTATIONS = YES;
				CLANG_WARN_DIRECT_OBJC_ISA_USAGE = YES_ERROR;
				CLANG_WARN_DOCUMENTATION_COMMENTS = YES;
				CLANG_WARN_EMPTY_BODY = YES;
				CLANG_WARN_ENUM_CONVERSION = YES;
				CLANG_WARN_INFINITE_RECURSION = YES;
				CLANG_WARN_INT_CONVERSION = YES;
				CLANG_WARN_NON_LITERAL_NULL_CONVERSION = YES;
				CLANG_WARN_OBJC_IMPLICIT_RETAIN_SELF = YES;
				CLANG_WARN_OBJC_LITERAL_CONVERSION = YES;
				CLANG_WARN_OBJC_ROOT_CLASS = YES_ERROR;
				CLANG_WARN_QUOTED_INCLUDE_IN_FRAMEWORK_HEADER = YES;
				CLANG_WARN_RANGE_LOOP_ANALYSIS = YES;
				CLANG_WARN_STRICT_PROTOTYPES = YES;
				CLANG_WARN_SUSPICIOUS_MOVE = YES;
				CLANG_WARN_UNGUARDED_AVAILABILITY = YES_AGGRESSIVE;
				CLANG_WARN_UNREACHABLE_CODE = YES;
				CLANG_WARN__DUPLICATE_METHOD_MATCH = YES;
				COPY_PHASE_STRIP = NO;
				DEBUG_INFORMATION_FORMAT = "dwarf-with-dsym";
				ENABLE_NS_ASSERTIONS = NO;
				ENABLE_STRICT_OBJC_MSGSEND = YES;
				ENABLE_USER_SCRIPT_SANDBOXING = YES;
				GCC_C_LANGUAGE_STANDARD = gnu17;
				GCC_NO_COMMON_BLOCKS = YES;
				GCC_WARN_64_TO_32_BIT_CONVERSION = YES;
				GCC_WARN_ABOUT_RETURN_TYPE = YES_ERROR;
				GCC_WARN_UNDECLARED_SELECTOR = YES;
				GCC_WARN_UNINITIALIZED_AUTOS = YES_AGGRESSIVE;
				GCC_WARN_UNUSED_FUNCTION = YES;
				GCC_WARN_UNUSED_VARIABLE = YES;
				IPHONEOS_DEPLOYMENT_TARGET = 17.2;
				LOCALIZATION_PREFERS_STRING_CATALOGS = YES;
				MTL_ENABLE_DEBUG_INFO = NO;
				MTL_FAST_MATH = YES;
				SDKROOT = iphoneos;
				SWIFT_COMPILATION_MODE = wholemodule;
				VALIDATE_PRODUCT = YES;
			};
			name = Release;
		};
		37E7D1B22BA4CD9C00F7D58C /* Debug */ = {
			isa = XCBuildConfiguration;
			buildSettings = {
				ASSETCATALOG_COMPILER_APPICON_NAME = AppIcon;
				ASSETCATALOG_COMPILER_GLOBAL_ACCENT_COLOR_NAME = AccentColor;
				CODE_SIGN_STYLE = Automatic;
				CURRENT_PROJECT_VERSION = 1;
				DEVELOPMENT_TEAM = R5L72AD597;
				GENERATE_INFOPLIST_FILE = YES;
				INFOPLIST_FILE = SwipeAndMatch/Info.plist;
				INFOPLIST_KEY_UIApplicationSupportsIndirectInputEvents = YES;
				INFOPLIST_KEY_UILaunchStoryboardName = LaunchScreen;
				INFOPLIST_KEY_UISupportedInterfaceOrientations = UIInterfaceOrientationPortrait;
				INFOPLIST_KEY_UISupportedInterfaceOrientations_iPad = "UIInterfaceOrientationLandscapeLeft UIInterfaceOrientationLandscapeRight UIInterfaceOrientationPortrait UIInterfaceOrientationPortraitUpsideDown";
				LD_RUNPATH_SEARCH_PATHS = (
					"$(inherited)",
					"@executable_path/Frameworks",
				);
				MARKETING_VERSION = 1.0;
				PRODUCT_BUNDLE_IDENTIFIER = com.oliviergeiger.SwipeAndMatch;
				PRODUCT_NAME = "$(TARGET_NAME)";
				SUPPORTED_PLATFORMS = "iphoneos iphonesimulator";
				SUPPORTS_MACCATALYST = NO;
				SUPPORTS_MAC_DESIGNED_FOR_IPHONE_IPAD = NO;
				SUPPORTS_XR_DESIGNED_FOR_IPHONE_IPAD = NO;
				SWIFT_EMIT_LOC_STRINGS = YES;
				SWIFT_VERSION = 5.0;
				TARGETED_DEVICE_FAMILY = 1;
			};
			name = Debug;
		};
		37E7D1B32BA4CD9C00F7D58C /* Release */ = {
			isa = XCBuildConfiguration;
			buildSettings = {
				ASSETCATALOG_COMPILER_APPICON_NAME = AppIcon;
				ASSETCATALOG_COMPILER_GLOBAL_ACCENT_COLOR_NAME = AccentColor;
				CODE_SIGN_STYLE = Automatic;
				CURRENT_PROJECT_VERSION = 1;
				DEVELOPMENT_TEAM = R5L72AD597;
				GENERATE_INFOPLIST_FILE = YES;
				INFOPLIST_FILE = SwipeAndMatch/Info.plist;
				INFOPLIST_KEY_UIApplicationSupportsIndirectInputEvents = YES;
				INFOPLIST_KEY_UILaunchStoryboardName = LaunchScreen;
				INFOPLIST_KEY_UISupportedInterfaceOrientations = UIInterfaceOrientationPortrait;
				INFOPLIST_KEY_UISupportedInterfaceOrientations_iPad = "UIInterfaceOrientationLandscapeLeft UIInterfaceOrientationLandscapeRight UIInterfaceOrientationPortrait UIInterfaceOrientationPortraitUpsideDown";
				LD_RUNPATH_SEARCH_PATHS = (
					"$(inherited)",
					"@executable_path/Frameworks",
				);
				MARKETING_VERSION = 1.0;
				PRODUCT_BUNDLE_IDENTIFIER = com.oliviergeiger.SwipeAndMatch;
				PRODUCT_NAME = "$(TARGET_NAME)";
				SUPPORTED_PLATFORMS = "iphoneos iphonesimulator";
				SUPPORTS_MACCATALYST = NO;
				SUPPORTS_MAC_DESIGNED_FOR_IPHONE_IPAD = NO;
				SUPPORTS_XR_DESIGNED_FOR_IPHONE_IPAD = NO;
				SWIFT_EMIT_LOC_STRINGS = YES;
				SWIFT_VERSION = 5.0;
				TARGETED_DEVICE_FAMILY = 1;
			};
			name = Release;
		};
/* End XCBuildConfiguration section */

/* Begin XCConfigurationList section */
		37E7D1982BA4CD9B00F7D58C /* Build configuration list for PBXProject "SwipeAndMatch" */ = {
			isa = XCConfigurationList;
			buildConfigurations = (
				37E7D1AF2BA4CD9C00F7D58C /* Debug */,
				37E7D1B02BA4CD9C00F7D58C /* Release */,
			);
			defaultConfigurationIsVisible = 0;
			defaultConfigurationName = Release;
		};
		37E7D1B12BA4CD9C00F7D58C /* Build configuration list for PBXNativeTarget "SwipeAndMatch" */ = {
			isa = XCConfigurationList;
			buildConfigurations = (
				37E7D1B22BA4CD9C00F7D58C /* Debug */,
				37E7D1B32BA4CD9C00F7D58C /* Release */,
			);
			defaultConfigurationIsVisible = 0;
			defaultConfigurationName = Release;
		};
/* End XCConfigurationList section */
	};
	rootObject = 37E7D1952BA4CD9B00F7D58C /* Project object */;
}
